// !$*UTF8*$!
{
	archiveVersion = 1;
	classes = {
	};
	objectVersion = 56;
	objects = {

/* Begin PBXBuildFile section */
		A10001 /* ZoidbergApp.swift in Sources */ = {isa = PBXBuildFile; fileRef = B10001 /* ZoidbergApp.swift */; };
		A10002 /* AppState.swift in Sources */ = {isa = PBXBuildFile; fileRef = B10002 /* AppState.swift */; };
		A10003 /* CapturePanel.swift in Sources */ = {isa = PBXBuildFile; fileRef = B10003 /* CapturePanel.swift */; };
		A10004 /* CaptureItemRow.swift in Sources */ = {isa = PBXBuildFile; fileRef = B10004 /* CaptureItemRow.swift */; };
		A10005 /* SettingsView.swift in Sources */ = {isa = PBXBuildFile; fileRef = B10005 /* SettingsView.swift */; };
		A10006 /* ToastView.swift in Sources */ = {isa = PBXBuildFile; fileRef = B10006 /* ToastView.swift */; };
		A10007 /* AudioWaveView.swift in Sources */ = {isa = PBXBuildFile; fileRef = B10007 /* AudioWaveView.swift */; };
		A10008 /* TranscriptionService.swift in Sources */ = {isa = PBXBuildFile; fileRef = B10008 /* TranscriptionService.swift */; };
		A10009 /* ClaudeService.swift in Sources */ = {isa = PBXBuildFile; fileRef = B10009 /* ClaudeService.swift */; };
		A10010 /* VaultWriter.swift in Sources */ = {isa = PBXBuildFile; fileRef = B10010 /* VaultWriter.swift */; };
		A10011 /* HotkeyManager.swift in Sources */ = {isa = PBXBuildFile; fileRef = B10011 /* HotkeyManager.swift */; };
		A10012 /* CaptureItem.swift in Sources */ = {isa = PBXBuildFile; fileRef = B10012 /* CaptureItem.swift */; };
		A10013 /* CaptureSession.swift in Sources */ = {isa = PBXBuildFile; fileRef = B10013 /* CaptureSession.swift */; };
		A10014 /* Permissions.swift in Sources */ = {isa = PBXBuildFile; fileRef = B10014 /* Permissions.swift */; };
		A10015 /* Settings.swift in Sources */ = {isa = PBXBuildFile; fileRef = B10015 /* Settings.swift */; };
		A10016 /* EscapeKeyMonitor.swift in Sources */ = {isa = PBXBuildFile; fileRef = B10016 /* EscapeKeyMonitor.swift */; };
		A10020 /* HotKey in Frameworks */ = {isa = PBXBuildFile; productRef = D10001 /* HotKey */; };
/* End PBXBuildFile section */

/* Begin PBXFileReference section */
		B10001 /* ZoidbergApp.swift */ = {isa = PBXFileReference; lastKnownFileType = sourcecode.swift; path = ZoidbergApp.swift; sourceTree = "<group>"; };
		B10002 /* AppState.swift */ = {isa = PBXFileReference; lastKnownFileType = sourcecode.swift; path = AppState.swift; sourceTree = "<group>"; };
		B10003 /* CapturePanel.swift */ = {isa = PBXFileReference; lastKnownFileType = sourcecode.swift; path = CapturePanel.swift; sourceTree = "<group>"; };
		B10004 /* CaptureItemRow.swift */ = {isa = PBXFileReference; lastKnownFileType = sourcecode.swift; path = CaptureItemRow.swift; sourceTree = "<group>"; };
		B10005 /* SettingsView.swift */ = {isa = PBXFileReference; lastKnownFileType = sourcecode.swift; path = SettingsView.swift; sourceTree = "<group>"; };
		B10006 /* ToastView.swift */ = {isa = PBXFileReference; lastKnownFileType = sourcecode.swift; path = ToastView.swift; sourceTree = "<group>"; };
		B10007 /* AudioWaveView.swift */ = {isa = PBXFileReference; lastKnownFileType = sourcecode.swift; path = AudioWaveView.swift; sourceTree = "<group>"; };
		B10008 /* TranscriptionService.swift */ = {isa = PBXFileReference; lastKnownFileType = sourcecode.swift; path = TranscriptionService.swift; sourceTree = "<group>"; };
		B10009 /* ClaudeService.swift */ = {isa = PBXFileReference; lastKnownFileType = sourcecode.swift; path = ClaudeService.swift; sourceTree = "<group>"; };
		B10010 /* VaultWriter.swift */ = {isa = PBXFileReference; lastKnownFileType = sourcecode.swift; path = VaultWriter.swift; sourceTree = "<group>"; };
		B10011 /* HotkeyManager.swift */ = {isa = PBXFileReference; lastKnownFileType = sourcecode.swift; path = HotkeyManager.swift; sourceTree = "<group>"; };
		B10012 /* CaptureItem.swift */ = {isa = PBXFileReference; lastKnownFileType = sourcecode.swift; path = CaptureItem.swift; sourceTree = "<group>"; };
		B10013 /* CaptureSession.swift */ = {isa = PBXFileReference; lastKnownFileType = sourcecode.swift; path = CaptureSession.swift; sourceTree = "<group>"; };
		B10014 /* Permissions.swift */ = {isa = PBXFileReference; lastKnownFileType = sourcecode.swift; path = Permissions.swift; sourceTree = "<group>"; };
		B10015 /* Settings.swift */ = {isa = PBXFileReference; lastKnownFileType = sourcecode.swift; path = Settings.swift; sourceTree = "<group>"; };
		B10016 /* EscapeKeyMonitor.swift */ = {isa = PBXFileReference; lastKnownFileType = sourcecode.swift; path = EscapeKeyMonitor.swift; sourceTree = "<group>"; };
		B10017 /* Info.plist */ = {isa = PBXFileReference; lastKnownFileType = text.plist.xml; path = Info.plist; sourceTree = "<group>"; };
		B10099 /* Zoidberg.app */ = {isa = PBXFileReference; explicitFileType = wrapper.application; includeInIndex = 0; path = Zoidberg.app; sourceTree = BUILT_PRODUCTS_DIR; };
/* End PBXFileReference section */

/* Begin PBXFrameworksBuildPhase section */
		C10001 /* Frameworks */ = {
			isa = PBXFrameworksBuildPhase;
			buildActionMask = 2147483647;
			files = (
				A10020 /* HotKey in Frameworks */,
			);
			runOnlyForDeploymentPostprocessing = 0;
		};
/* End PBXFrameworksBuildPhase section */

/* Begin PBXGroup section */
		E10001 = {
			isa = PBXGroup;
			children = (
				E10002 /* Zoidberg */,
				E10099 /* Products */,
			);
			sourceTree = "<group>";
		};
		E10002 /* Zoidberg */ = {
			isa = PBXGroup;
			children = (
				B10001 /* ZoidbergApp.swift */,
				B10002 /* AppState.swift */,
				B10017 /* Info.plist */,
				E10003 /* Views */,
				E10004 /* Services */,
				E10005 /* Models */,
				E10006 /* Helpers */,
			);
			path = Zoidberg;
			sourceTree = "<group>";
		};
		E10003 /* Views */ = {
			isa = PBXGroup;
			children = (
				B10003 /* CapturePanel.swift */,
				B10004 /* CaptureItemRow.swift */,
				B10005 /* SettingsView.swift */,
				B10006 /* ToastView.swift */,
				B10007 /* AudioWaveView.swift */,
			);
			path = Views;
			sourceTree = "<group>";
		};
		E10004 /* Services */ = {
			isa = PBXGroup;
			children = (
				B10008 /* TranscriptionService.swift */,
				B10009 /* ClaudeService.swift */,
				B10010 /* VaultWriter.swift */,
				B10011 /* HotkeyManager.swift */,
			);
			path = Services;
			sourceTree = "<group>";
		};
		E10005 /* Models */ = {
			isa = PBXGroup;
			children = (
				B10012 /* CaptureItem.swift */,
				B10013 /* CaptureSession.swift */,
			);
			path = Models;
			sourceTree = "<group>";
		};
		E10006 /* Helpers */ = {
			isa = PBXGroup;
			children = (
				B10014 /* Permissions.swift */,
				B10015 /* Settings.swift */,
				B10016 /* EscapeKeyMonitor.swift */,
			);
			path = Helpers;
			sourceTree = "<group>";
		};
		E10099 /* Products */ = {
			isa = PBXGroup;
			children = (
				B10099 /* Zoidberg.app */,
			);
			name = Products;
			sourceTree = "<group>";
		};
/* End PBXGroup section */

/* Begin PBXNativeTarget section */
		F10001 /* Zoidberg */ = {
			isa = PBXNativeTarget;
			buildConfigurationList = G10003 /* Build configuration list for PBXNativeTarget "Zoidberg" */;
			buildPhases = (
				F10002 /* Sources */,
				C10001 /* Frameworks */,
			);
			buildRules = (
			);
			dependencies = (
			);
			name = Zoidberg;
			packageProductDependencies = (
				D10001 /* HotKey */,
			);
			productName = Zoidberg;
			productReference = B10099 /* Zoidberg.app */;
			productType = "com.apple.product-type.application";
		};
/* End PBXNativeTarget section */

/* Begin PBXProject section */
		F10099 /* Project object */ = {
			isa = PBXProject;
			attributes = {
				BuildIndependentTargetsInParallel = 1;
				LastSwiftUpdateCheck = 1500;
				LastUpgradeCheck = 1500;
			};
			buildConfigurationList = G10001 /* Build configuration list for PBXProject "Zoidberg" */;
			compatibilityVersion = "Xcode 14.0";
			developmentRegion = en;
			hasScannedForEncodings = 0;
			knownRegions = (
				en,
				Base,
			);
			mainGroup = E10001;
			packageReferences = (
				D10099 /* XCRemoteSwiftPackageReference "HotKey" */,
			);
			productRefGroup = E10099 /* Products */;
			projectDirPath = "";
			projectRoot = "";
			targets = (
				F10001 /* Zoidberg */,
			);
		};
/* End PBXProject section */

/* Begin PBXSourcesBuildPhase section */
		F10002 /* Sources */ = {
			isa = PBXSourcesBuildPhase;
			buildActionMask = 2147483647;
			files = (
				A10001 /* ZoidbergApp.swift in Sources */,
				A10002 /* AppState.swift in Sources */,
				A10003 /* CapturePanel.swift in Sources */,
				A10004 /* CaptureItemRow.swift in Sources */,
				A10005 /* SettingsView.swift in Sources */,
				A10006 /* ToastView.swift in Sources */,
				A10007 /* AudioWaveView.swift in Sources */,
				A10008 /* TranscriptionService.swift in Sources */,
				A10009 /* ClaudeService.swift in Sources */,
				A10010 /* VaultWriter.swift in Sources */,
				A10011 /* HotkeyManager.swift in Sources */,
				A10012 /* CaptureItem.swift in Sources */,
				A10013 /* CaptureSession.swift in Sources */,
				A10014 /* Permissions.swift in Sources */,
				A10015 /* Settings.swift in Sources */,
				A10016 /* EscapeKeyMonitor.swift in Sources */,
			);
			runOnlyForDeploymentPostprocessing = 0;
		};
/* End PBXSourcesBuildPhase section */

/* Begin XCBuildConfiguration section */
		G10010 /* Debug */ = {
			isa = XCBuildConfiguration;
			buildSettings = {
				ALWAYS_SEARCH_USER_PATHS = NO;
				ASSETCATALOG_COMPILER_GENERATE_SWIFT_ASSET_SYMBOL_EXTENSIONS = YES;
				CLANG_ANALYZER_NONNULL = YES;
				CLANG_CXX_LANGUAGE_STANDARD = "gnu++20";
				CLANG_ENABLE_MODULES = YES;
				CLANG_ENABLE_OBJC_ARC = YES;
				COPY_PHASE_STRIP = NO;
				DEBUG_INFORMATION_FORMAT = dwarf;
				ENABLE_STRICT_OBJC_MSGSEND = YES;
				ENABLE_TESTABILITY = YES;
				GCC_DYNAMIC_NO_PIC = NO;
				GCC_OPTIMIZATION_LEVEL = 0;
				GCC_PREPROCESSOR_DEFINITIONS = (
					"DEBUG=1",
					"$(inherited)",
				);
				MACOSX_DEPLOYMENT_TARGET = 14.0;
				MTL_ENABLE_DEBUG_INFO = INCLUDE_SOURCE;
				ONLY_ACTIVE_ARCH = YES;
				SDKROOT = macosx;
				SWIFT_ACTIVE_COMPILATION_CONDITIONS = "$(inherited) DEBUG";
				SWIFT_OPTIMIZATION_LEVEL = "-Onone";
			};
			name = Debug;
		};
		G10011 /* Release */ = {
			isa = XCBuildConfiguration;
			buildSettings = {
				ALWAYS_SEARCH_USER_PATHS = NO;
				ASSETCATALOG_COMPILER_GENERATE_SWIFT_ASSET_SYMBOL_EXTENSIONS = YES;
				CLANG_ANALYZER_NONNULL = YES;
				CLANG_CXX_LANGUAGE_STANDARD = "gnu++20";
				CLANG_ENABLE_MODULES = YES;
				CLANG_ENABLE_OBJC_ARC = YES;
				COPY_PHASE_STRIP = NO;
				DEBUG_INFORMATION_FORMAT = "dwarf-with-dsym";
				ENABLE_NS_ASSERTIONS = NO;
				ENABLE_STRICT_OBJC_MSGSEND = YES;
				GCC_OPTIMIZATION_LEVEL = s;
				MACOSX_DEPLOYMENT_TARGET = 14.0;
				SDKROOT = macosx;
				SWIFT_COMPILATION_MODE = wholemodule;
			};
			name = Release;
		};
		G10020 /* Debug */ = {
			isa = XCBuildConfiguration;
			buildSettings = {
				CODE_SIGN_IDENTITY = "Apple Development";
				CODE_SIGN_STYLE = Automatic;
				COMBINE_HIDPI_IMAGES = YES;
				CURRENT_PROJECT_VERSION = 1;
				DEVELOPMENT_TEAM = 57FNV8BFER;
				GENERATE_INFOPLIST_FILE = NO;
				INFOPLIST_FILE = Zoidberg/Info.plist;
				LD_RUNPATH_SEARCH_PATHS = (
					"$(inherited)",
					"@executable_path/../Frameworks",
				);
				MARKETING_VERSION = 1.0;
				PRODUCT_BUNDLE_IDENTIFIER = com.malecks.zoidberg;
				PRODUCT_NAME = "$(TARGET_NAME)";
				SWIFT_EMIT_LOC_STRINGS = YES;
				SWIFT_VERSION = 5.0;
			};
			name = Debug;
		};
		G10021 /* Release */ = {
			isa = XCBuildConfiguration;
			buildSettings = {
				CODE_SIGN_IDENTITY = "Apple Development";
				CODE_SIGN_STYLE = Automatic;
				COMBINE_HIDPI_IMAGES = YES;
				CURRENT_PROJECT_VERSION = 1;
				DEVELOPMENT_TEAM = 57FNV8BFER;
				GENERATE_INFOPLIST_FILE = NO;
				INFOPLIST_FILE = Zoidberg/Info.plist;
				LD_RUNPATH_SEARCH_PATHS = (
					"$(inherited)",
					"@executable_path/../Frameworks",
				);
				MARKETING_VERSION = 1.0;
				PRODUCT_BUNDLE_IDENTIFIER = com.malecks.zoidberg;
				PRODUCT_NAME = "$(TARGET_NAME)";
				SWIFT_EMIT_LOC_STRINGS = YES;
				SWIFT_VERSION = 5.0;
			};
			name = Release;
		};
/* End XCBuildConfiguration section */

/* Begin XCConfigurationList section */
		G10001 /* Build configuration list for PBXProject "Zoidberg" */ = {
			isa = XCConfigurationList;
			buildConfigurations = (
				G10010 /* Debug */,
				G10011 /* Release */,
			);
			defaultConfigurationIsVisible = 0;
			defaultConfigurationName = Release;
		};
		G10003 /* Build configuration list for PBXNativeTarget "Zoidberg" */ = {
			isa = XCConfigurationList;
			buildConfigurations = (
				G10020 /* Debug */,
				G10021 /* Release */,
			);
			defaultConfigurationIsVisible = 0;
			defaultConfigurationName = Release;
		};
/* End XCConfigurationList section */

/* Begin XCRemoteSwiftPackageReference section */
		D10099 /* XCRemoteSwiftPackageReference "HotKey" */ = {
			isa = XCRemoteSwiftPackageReference;
			repositoryURL = "https://github.com/soffes/HotKey";
			requirement = {
				kind = upToNextMajorVersion;
				minimumVersion = 0.2.1;
			};
		};
/* End XCRemoteSwiftPackageReference section */

/* Begin XCSwiftPackageProductDependency section */
		D10001 /* HotKey */ = {
			isa = XCSwiftPackageProductDependency;
			package = D10099 /* XCRemoteSwiftPackageReference "HotKey" */;
			productName = HotKey;
		};
/* End XCSwiftPackageProductDependency section */
	};
	rootObject = F10099 /* Project object */;
}
